
Microsoft Visual Studio Solution File, Format Version 12.00
# Visual Studio Version 17
VisualStudioVersion = 17.10.35013.160
MinimumVisualStudioVersion = 10.0.40219.1
Project("{FAE04EC0-301F-11D3-BF4B-00C04F79EFBC}") = "Practica_Calculos", "Practica_Calculos.csproj", "{F8DD4661-5104-43AA-869B-E1B2A06CE065}"
EndProject
Global
	GlobalSection(SolutionConfigurationPlatforms) = preSolution
		Debug|Any CPU = Debug|Any CPU
		Release|Any CPU = Release|Any CPU
	EndGlobalSection
	GlobalSection(ProjectConfigurationPlatforms) = postSolution
		{F8DD4661-5104-43AA-869B-E1B2A06CE065}.Debug|Any CPU.ActiveCfg = Debug|Any CPU
		{F8DD4661-5104-43AA-869B-E1B2A06CE065}.Debug|Any CPU.Build.0 = Debug|Any CPU
		{F8DD4661-5104-43AA-869B-E1B2A06CE065}.Release|Any CPU.ActiveCfg = Release|Any CPU
		{F8DD4661-5104-43AA-869B-E1B2A06CE065}.Release|Any CPU.Build.0 = Release|Any CPU
	EndGlobalSection
	GlobalSection(SolutionProperties) = preSolution
		HideSolutionNode = FALSE
	EndGlobalSection
	GlobalSection(ExtensibilityGlobals) = postSolution
		SolutionGuid = {CCBB7315-7387-435F-9A4E-EFDE1486A313}
	EndGlobalSection
EndGlobal
